
Microsoft Visual Studio Solution File, Format Version 12.00
# Visual Studio Version 16
VisualStudioVersion = 16.0.31729.503
MinimumVisualStudioVersion = 10.0.40219.1
Project("{FAE04EC0-301F-11D3-BF4B-00C04F79EFBC}") = "FastReportFonts", "FastReportFonts\FastReportFonts.csproj", "{BF99D691-7C65-48CE-A09F-D79DDE5633A2}"
EndProject
Global
	GlobalSection(SolutionConfigurationPlatforms) = preSolution
		Debug|Any CPU = Debug|Any CPU
		Release|Any CPU = Release|Any CPU
	EndGlobalSection
	GlobalSection(ProjectConfigurationPlatforms) = postSolution
		{BF99D691-7C65-48CE-A09F-D79DDE5633A2}.Debug|Any CPU.ActiveCfg = Debug|Any CPU
		{BF99D691-7C65-48CE-A09F-D79DDE5633A2}.Debug|Any CPU.Build.0 = Debug|Any CPU
		{BF99D691-7C65-48CE-A09F-D79DDE5633A2}.Release|Any CPU.ActiveCfg = Release|Any CPU
		{BF99D691-7C65-48CE-A09F-D79DDE5633A2}.Release|Any CPU.Build.0 = Release|Any CPU
	EndGlobalSection
	GlobalSection(SolutionProperties) = preSolution
		HideSolutionNode = FALSE
	EndGlobalSection
	GlobalSection(ExtensibilityGlobals) = postSolution
		SolutionGuid = {86906CFA-FD89-4812-A6C7-530683F5DC10}
	EndGlobalSection
EndGlobal
